
Microsoft Visual Studio Solution File, Format Version 12.00
# Visual Studio Version 17
VisualStudioVersion = 17.8.34511.84
MinimumVisualStudioVersion = 10.0.40219.1
Project("{9A19103F-16F7-4668-BE54-9A1E7A4F7556}") = "LibraryManager", "LibraryManager\LibraryManager.csproj", "{DB07D5AA-92A5-4443-ABFE-D636BEF43F1B}"
EndProject
Project("{9A19103F-16F7-4668-BE54-9A1E7A4F7556}") = "BusinessLayer", "BusinessLayer\BusinessLayer.csproj", "{D20EA892-7399-4219-A957-AA9DDCEDD61D}"
EndProject
Project("{9A19103F-16F7-4668-BE54-9A1E7A4F7556}") = "Services", "Services\Services.csproj", "{E913F495-B1E8-4F7C-96FB-2CEA4FE3E42C}"
EndProject
Project("{9A19103F-16F7-4668-BE54-9A1E7A4F7556}") = "BusinessObjects", "BusinessObjects\BusinessObjects.csproj", "{3E15E3E9-6B1A-4FB0-8910-17E201A6C21C}"
EndProject
Project("{9A19103F-16F7-4668-BE54-9A1E7A4F7556}") = "DataAccessLayer", "DataAccessLayer\DataAccessLayer.csproj", "{693765E7-C75F-450B-A005-FE27CA257198}"
EndProject
Project("{2150E333-8FDC-42A3-9474-1A3956D46DE8}") = "Tests", "Tests", "{F33E6A64-ECDE-4BBE-8547-9070443D1990}"
EndProject
Project("{FAE04EC0-301F-11D3-BF4B-00C04F79EFBC}") = "Services.Test", "Tests\ServicesTest\Services.Test.csproj", "{E13A06B4-473F-49FE-A438-01A18355C496}"
EndProject
Project("{FAE04EC0-301F-11D3-BF4B-00C04F79EFBC}") = "LibraryManager.Hosting", "LibraryManager.Hosting\LibraryManager.Hosting.csproj", "{2B4670D5-7720-41AF-B674-3944C495B1E6}"
EndProject
Global
	GlobalSection(SolutionConfigurationPlatforms) = preSolution
		Debug|Any CPU = Debug|Any CPU
		Release|Any CPU = Release|Any CPU
	EndGlobalSection
	GlobalSection(ProjectConfigurationPlatforms) = postSolution
		{DB07D5AA-92A5-4443-ABFE-D636BEF43F1B}.Debug|Any CPU.ActiveCfg = Debug|Any CPU
		{DB07D5AA-92A5-4443-ABFE-D636BEF43F1B}.Debug|Any CPU.Build.0 = Debug|Any CPU
		{DB07D5AA-92A5-4443-ABFE-D636BEF43F1B}.Release|Any CPU.ActiveCfg = Release|Any CPU
		{DB07D5AA-92A5-4443-ABFE-D636BEF43F1B}.Release|Any CPU.Build.0 = Release|Any CPU
		{D20EA892-7399-4219-A957-AA9DDCEDD61D}.Debug|Any CPU.ActiveCfg = Debug|Any CPU
		{D20EA892-7399-4219-A957-AA9DDCEDD61D}.Debug|Any CPU.Build.0 = Debug|Any CPU
		{D20EA892-7399-4219-A957-AA9DDCEDD61D}.Release|Any CPU.ActiveCfg = Release|Any CPU
		{D20EA892-7399-4219-A957-AA9DDCEDD61D}.Release|Any CPU.Build.0 = Release|Any CPU
		{E913F495-B1E8-4F7C-96FB-2CEA4FE3E42C}.Debug|Any CPU.ActiveCfg = Debug|Any CPU
		{E913F495-B1E8-4F7C-96FB-2CEA4FE3E42C}.Debug|Any CPU.Build.0 = Debug|Any CPU
		{E913F495-B1E8-4F7C-96FB-2CEA4FE3E42C}.Release|Any CPU.ActiveCfg = Release|Any CPU
		{E913F495-B1E8-4F7C-96FB-2CEA4FE3E42C}.Release|Any CPU.Build.0 = Release|Any CPU
		{3E15E3E9-6B1A-4FB0-8910-17E201A6C21C}.Debug|Any CPU.ActiveCfg = Debug|Any CPU
		{3E15E3E9-6B1A-4FB0-8910-17E201A6C21C}.Debug|Any CPU.Build.0 = Debug|Any CPU
		{3E15E3E9-6B1A-4FB0-8910-17E201A6C21C}.Release|Any CPU.ActiveCfg = Release|Any CPU
		{3E15E3E9-6B1A-4FB0-8910-17E201A6C21C}.Release|Any CPU.Build.0 = Release|Any CPU
		{693765E7-C75F-450B-A005-FE27CA257198}.Debug|Any CPU.ActiveCfg = Debug|Any CPU
		{693765E7-C75F-450B-A005-FE27CA257198}.Debug|Any CPU.Build.0 = Debug|Any CPU
		{693765E7-C75F-450B-A005-FE27CA257198}.Release|Any CPU.ActiveCfg = Release|Any CPU
		{693765E7-C75F-450B-A005-FE27CA257198}.Release|Any CPU.Build.0 = Release|Any CPU
		{E13A06B4-473F-49FE-A438-01A18355C496}.Debug|Any CPU.ActiveCfg = Debug|Any CPU
		{E13A06B4-473F-49FE-A438-01A18355C496}.Debug|Any CPU.Build.0 = Debug|Any CPU
		{E13A06B4-473F-49FE-A438-01A18355C496}.Release|Any CPU.ActiveCfg = Release|Any CPU
		{E13A06B4-473F-49FE-A438-01A18355C496}.Release|Any CPU.Build.0 = Release|Any CPU
		{2B4670D5-7720-41AF-B674-3944C495B1E6}.Debug|Any CPU.ActiveCfg = Debug|Any CPU
		{2B4670D5-7720-41AF-B674-3944C495B1E6}.Debug|Any CPU.Build.0 = Debug|Any CPU
		{2B4670D5-7720-41AF-B674-3944C495B1E6}.Release|Any CPU.ActiveCfg = Release|Any CPU
		{2B4670D5-7720-41AF-B674-3944C495B1E6}.Release|Any CPU.Build.0 = Release|Any CPU
	EndGlobalSection
	GlobalSection(SolutionProperties) = preSolution
		HideSolutionNode = FALSE
	EndGlobalSection
	GlobalSection(NestedProjects) = preSolution
		{E13A06B4-473F-49FE-A438-01A18355C496} = {F33E6A64-ECDE-4BBE-8547-9070443D1990}
	EndGlobalSection
	GlobalSection(ExtensibilityGlobals) = postSolution
		SolutionGuid = {10232EE0-8FC5-4F90-81DC-37A3219427A3}
	EndGlobalSection
EndGlobal
